
Microsoft Visual Studio Solution File, Format Version 12.00
# Visual Studio Version 16
VisualStudioVersion = 16.0.31515.178
MinimumVisualStudioVersion = 10.0.40219.1
Project("{FAE04EC0-301F-11D3-BF4B-00C04F79EFBC}") = "hw_10-lv_1-ex_1", "hw_10-lv_1-ex_1.csproj", "{14A0F529-3A91-43A8-9562-C67C7290A6AA}"
EndProject
Global
	GlobalSection(SolutionConfigurationPlatforms) = preSolution
		Debug|Any CPU = Debug|Any CPU
		Release|Any CPU = Release|Any CPU
	EndGlobalSection
	GlobalSection(ProjectConfigurationPlatforms) = postSolution
		{14A0F529-3A91-43A8-9562-C67C7290A6AA}.Debug|Any CPU.ActiveCfg = Debug|Any CPU
		{14A0F529-3A91-43A8-9562-C67C7290A6AA}.Debug|Any CPU.Build.0 = Debug|Any CPU
		{14A0F529-3A91-43A8-9562-C67C7290A6AA}.Release|Any CPU.ActiveCfg = Release|Any CPU
		{14A0F529-3A91-43A8-9562-C67C7290A6AA}.Release|Any CPU.Build.0 = Release|Any CPU
	EndGlobalSection
	GlobalSection(SolutionProperties) = preSolution
		HideSolutionNode = FALSE
	EndGlobalSection
	GlobalSection(ExtensibilityGlobals) = postSolution
		SolutionGuid = {2D40BBBE-97FA-4461-8902-C99DE9D6D482}
	EndGlobalSection
EndGlobal
